
Microsoft Visual Studio Solution File, Format Version 12.00
# Visual Studio 14
VisualStudioVersion = 14.0.25420.1
MinimumVisualStudioVersion = 10.0.40219.1
Project("{2150E333-8FDC-42A3-9474-1A3956D46DE8}") = "Test", "Test", "{74B50F97-8408-4C42-A6A8-4F3B6012E50B}"
EndProject
Project("{FAE04EC0-301F-11D3-BF4B-00C04F79EFBC}") = "Pylos.Core", "Pylos.Core\Pylos.Core.csproj", "{DE90EB00-6D37-4106-92E4-104F3855CF60}"
EndProject
Project("{FAE04EC0-301F-11D3-BF4B-00C04F79EFBC}") = "Pylos.CLI", "Pylos.CLI\Pylos.CLI.csproj", "{3E10BD99-BD54-4049-BA51-7B37216AC263}"
EndProject
Project("{FAE04EC0-301F-11D3-BF4B-00C04F79EFBC}") = "Pylos.Core.Test", "Pylos.Core.Test\Pylos.Core.Test.csproj", "{4267E89B-290E-42BC-9270-9BDB88CC0A23}"
EndProject
Global
	GlobalSection(SolutionConfigurationPlatforms) = preSolution
		Debug|Any CPU = Debug|Any CPU
		Debug|x86 = Debug|x86
		Release|Any CPU = Release|Any CPU
		Release|x86 = Release|x86
	EndGlobalSection
	GlobalSection(ProjectConfigurationPlatforms) = postSolution
		{DE90EB00-6D37-4106-92E4-104F3855CF60}.Debug|Any CPU.ActiveCfg = Debug|Any CPU
		{DE90EB00-6D37-4106-92E4-104F3855CF60}.Debug|Any CPU.Build.0 = Debug|Any CPU
		{DE90EB00-6D37-4106-92E4-104F3855CF60}.Debug|x86.ActiveCfg = Debug|Any CPU
		{DE90EB00-6D37-4106-92E4-104F3855CF60}.Debug|x86.Build.0 = Debug|Any CPU
		{DE90EB00-6D37-4106-92E4-104F3855CF60}.Release|Any CPU.ActiveCfg = Release|Any CPU
		{DE90EB00-6D37-4106-92E4-104F3855CF60}.Release|Any CPU.Build.0 = Release|Any CPU
		{DE90EB00-6D37-4106-92E4-104F3855CF60}.Release|x86.ActiveCfg = Release|Any CPU
		{DE90EB00-6D37-4106-92E4-104F3855CF60}.Release|x86.Build.0 = Release|Any CPU
		{3E10BD99-BD54-4049-BA51-7B37216AC263}.Debug|Any CPU.ActiveCfg = Debug|Any CPU
		{3E10BD99-BD54-4049-BA51-7B37216AC263}.Debug|Any CPU.Build.0 = Debug|Any CPU
		{3E10BD99-BD54-4049-BA51-7B37216AC263}.Debug|x86.ActiveCfg = Debug|Any CPU
		{3E10BD99-BD54-4049-BA51-7B37216AC263}.Debug|x86.Build.0 = Debug|Any CPU
		{3E10BD99-BD54-4049-BA51-7B37216AC263}.Release|Any CPU.ActiveCfg = Release|Any CPU
		{3E10BD99-BD54-4049-BA51-7B37216AC263}.Release|Any CPU.Build.0 = Release|Any CPU
		{3E10BD99-BD54-4049-BA51-7B37216AC263}.Release|x86.ActiveCfg = Release|Any CPU
		{3E10BD99-BD54-4049-BA51-7B37216AC263}.Release|x86.Build.0 = Release|Any CPU
		{4267E89B-290E-42BC-9270-9BDB88CC0A23}.Debug|Any CPU.ActiveCfg = Debug|Any CPU
		{4267E89B-290E-42BC-9270-9BDB88CC0A23}.Debug|Any CPU.Build.0 = Debug|Any CPU
		{4267E89B-290E-42BC-9270-9BDB88CC0A23}.Debug|x86.ActiveCfg = Debug|Any CPU
		{4267E89B-290E-42BC-9270-9BDB88CC0A23}.Debug|x86.Build.0 = Debug|Any CPU
		{4267E89B-290E-42BC-9270-9BDB88CC0A23}.Release|Any CPU.ActiveCfg = Release|Any CPU
		{4267E89B-290E-42BC-9270-9BDB88CC0A23}.Release|Any CPU.Build.0 = Release|Any CPU
		{4267E89B-290E-42BC-9270-9BDB88CC0A23}.Release|x86.ActiveCfg = Release|Any CPU
		{4267E89B-290E-42BC-9270-9BDB88CC0A23}.Release|x86.Build.0 = Release|Any CPU
	EndGlobalSection
	GlobalSection(SolutionProperties) = preSolution
		HideSolutionNode = FALSE
	EndGlobalSection
	GlobalSection(NestedProjects) = preSolution
		{4267E89B-290E-42BC-9270-9BDB88CC0A23} = {74B50F97-8408-4C42-A6A8-4F3B6012E50B}
	EndGlobalSection
EndGlobal
