
Microsoft Visual Studio Solution File, Format Version 12.00
# Visual Studio 2013
VisualStudioVersion = 12.0.40418.0
MinimumVisualStudioVersion = 10.0.40219.1
Project("{FAE04EC0-301F-11D3-BF4B-00C04F79EFBC}") = "DBConnectionSearcher", "DBConnectionSearcher.csproj", "{51798A84-A963-4C0E-B296-8A22075C0B4C}"
EndProject
Global
	GlobalSection(SolutionConfigurationPlatforms) = preSolution
		Debug|Any CPU = Debug|Any CPU
		Release|Any CPU = Release|Any CPU
	EndGlobalSection
	GlobalSection(ProjectConfigurationPlatforms) = postSolution
		{51798A84-A963-4C0E-B296-8A22075C0B4C}.Debug|Any CPU.ActiveCfg = Debug|Any CPU
		{51798A84-A963-4C0E-B296-8A22075C0B4C}.Debug|Any CPU.Build.0 = Debug|Any CPU
		{51798A84-A963-4C0E-B296-8A22075C0B4C}.Release|Any CPU.ActiveCfg = Release|Any CPU
		{51798A84-A963-4C0E-B296-8A22075C0B4C}.Release|Any CPU.Build.0 = Release|Any CPU
	EndGlobalSection
	GlobalSection(SolutionProperties) = preSolution
		HideSolutionNode = FALSE
	EndGlobalSection
EndGlobal
