
Microsoft Visual Studio Solution File, Format Version 12.00
# Visual Studio Version 16
VisualStudioVersion = 16.0.30804.86
MinimumVisualStudioVersion = 10.0.40219.1
Project("{2150E333-8FDC-42A3-9474-1A3956D46DE8}") = "DLLS", "DLLS", "{A331D457-BA58-4404-8EF7-83A3736BEA3C}"
EndProject
Project("{2150E333-8FDC-42A3-9474-1A3956D46DE8}") = "TB", "TB", "{58BD258A-5E17-4866-87CA-7534BE9CB295}"
EndProject
Project("{F184B08F-C81C-45F6-A57F-5ABD9991F28F}") = "DB", "DB_Access\DB.vbproj", "{84816780-C4D6-421A-AB2D-0A15DB7EDB99}"
EndProject
Project("{2150E333-8FDC-42A3-9474-1A3956D46DE8}") = "Tournaments", "Tournaments", "{1CD11DAC-5026-4A39-948D-A610A651A2A5}"
EndProject
Project("{F184B08F-C81C-45F6-A57F-5ABD9991F28F}") = "Tourney_Builder", "Tourney_Builder\Tourney_Builder.vbproj", "{EF5842F1-701C-4253-8901-2FE3F66B2375}"
EndProject
Project("{2150E333-8FDC-42A3-9474-1A3956D46DE8}") = "Reports", "Reports", "{DA4111B1-7BF9-46D8-A48E-FF6BA8F64A45}"
EndProject
Project("{F184B08F-C81C-45F6-A57F-5ABD9991F28F}") = "TBDB_Updater", "TBDB_Updater\TBDB_Updater.vbproj", "{DC16C8C9-0F4E-4C9E-807D-4EF74C38AD3E}"
EndProject
Project("{F184B08F-C81C-45F6-A57F-5ABD9991F28F}") = "Eight_Tournament", "Eight_Tournament\Eight_Tournament.vbproj", "{902612A1-A99E-4893-8747-6DEA9047345A}"
EndProject
Project("{F184B08F-C81C-45F6-A57F-5ABD9991F28F}") = "Final_Averages", "Final_Averages\Final_Averages.vbproj", "{089CB46D-0652-491E-83F5-9261A995BA1F}"
EndProject
Project("{F184B08F-C81C-45F6-A57F-5ABD9991F28F}") = "Bowler_History", "Bowler_History\Bowler_History.vbproj", "{D1500E99-D65D-4D66-9B25-9A14643C5663}"
EndProject
Project("{F184B08F-C81C-45F6-A57F-5ABD9991F28F}") = "ScoreSheet_3G", "ScoreSheet_3G\ScoreSheet_3G.vbproj", "{34F19FA4-73A1-42BE-9C7A-55E011DEF0F6}"
EndProject
Project("{FAE04EC0-301F-11D3-BF4B-00C04F79EFBC}") = "Twelve_Tournament", "Twelve_Tournament\Twelve_Tournament.csproj", "{B68F52CE-E2B2-4B60-A396-04F33EE1A150}"
EndProject
Global
	GlobalSection(SolutionConfigurationPlatforms) = preSolution
		Debug|Any CPU = Debug|Any CPU
		Release|Any CPU = Release|Any CPU
	EndGlobalSection
	GlobalSection(ProjectConfigurationPlatforms) = postSolution
		{84816780-C4D6-421A-AB2D-0A15DB7EDB99}.Debug|Any CPU.ActiveCfg = Debug|Any CPU
		{84816780-C4D6-421A-AB2D-0A15DB7EDB99}.Debug|Any CPU.Build.0 = Debug|Any CPU
		{84816780-C4D6-421A-AB2D-0A15DB7EDB99}.Release|Any CPU.ActiveCfg = Release|Any CPU
		{84816780-C4D6-421A-AB2D-0A15DB7EDB99}.Release|Any CPU.Build.0 = Release|Any CPU
		{EF5842F1-701C-4253-8901-2FE3F66B2375}.Debug|Any CPU.ActiveCfg = Debug|Any CPU
		{EF5842F1-701C-4253-8901-2FE3F66B2375}.Debug|Any CPU.Build.0 = Debug|Any CPU
		{EF5842F1-701C-4253-8901-2FE3F66B2375}.Release|Any CPU.ActiveCfg = Release|Any CPU
		{EF5842F1-701C-4253-8901-2FE3F66B2375}.Release|Any CPU.Build.0 = Release|Any CPU
		{DC16C8C9-0F4E-4C9E-807D-4EF74C38AD3E}.Debug|Any CPU.ActiveCfg = Debug|x86
		{DC16C8C9-0F4E-4C9E-807D-4EF74C38AD3E}.Debug|Any CPU.Build.0 = Debug|x86
		{DC16C8C9-0F4E-4C9E-807D-4EF74C38AD3E}.Release|Any CPU.ActiveCfg = Release|Any CPU
		{DC16C8C9-0F4E-4C9E-807D-4EF74C38AD3E}.Release|Any CPU.Build.0 = Release|Any CPU
		{902612A1-A99E-4893-8747-6DEA9047345A}.Debug|Any CPU.ActiveCfg = Debug|Any CPU
		{902612A1-A99E-4893-8747-6DEA9047345A}.Debug|Any CPU.Build.0 = Debug|Any CPU
		{902612A1-A99E-4893-8747-6DEA9047345A}.Release|Any CPU.ActiveCfg = Release|Any CPU
		{902612A1-A99E-4893-8747-6DEA9047345A}.Release|Any CPU.Build.0 = Release|Any CPU
		{089CB46D-0652-491E-83F5-9261A995BA1F}.Debug|Any CPU.ActiveCfg = Debug|Any CPU
		{089CB46D-0652-491E-83F5-9261A995BA1F}.Debug|Any CPU.Build.0 = Debug|Any CPU
		{089CB46D-0652-491E-83F5-9261A995BA1F}.Release|Any CPU.ActiveCfg = Release|Any CPU
		{089CB46D-0652-491E-83F5-9261A995BA1F}.Release|Any CPU.Build.0 = Release|Any CPU
		{D1500E99-D65D-4D66-9B25-9A14643C5663}.Debug|Any CPU.ActiveCfg = Debug|x86
		{D1500E99-D65D-4D66-9B25-9A14643C5663}.Debug|Any CPU.Build.0 = Debug|x86
		{D1500E99-D65D-4D66-9B25-9A14643C5663}.Release|Any CPU.ActiveCfg = Release|Any CPU
		{D1500E99-D65D-4D66-9B25-9A14643C5663}.Release|Any CPU.Build.0 = Release|Any CPU
		{34F19FA4-73A1-42BE-9C7A-55E011DEF0F6}.Debug|Any CPU.ActiveCfg = Debug|Any CPU
		{34F19FA4-73A1-42BE-9C7A-55E011DEF0F6}.Debug|Any CPU.Build.0 = Debug|Any CPU
		{34F19FA4-73A1-42BE-9C7A-55E011DEF0F6}.Release|Any CPU.ActiveCfg = Release|Any CPU
		{34F19FA4-73A1-42BE-9C7A-55E011DEF0F6}.Release|Any CPU.Build.0 = Release|Any CPU
		{B68F52CE-E2B2-4B60-A396-04F33EE1A150}.Debug|Any CPU.ActiveCfg = Debug|Any CPU
		{B68F52CE-E2B2-4B60-A396-04F33EE1A150}.Debug|Any CPU.Build.0 = Debug|Any CPU
		{B68F52CE-E2B2-4B60-A396-04F33EE1A150}.Release|Any CPU.ActiveCfg = Release|Any CPU
		{B68F52CE-E2B2-4B60-A396-04F33EE1A150}.Release|Any CPU.Build.0 = Release|Any CPU
	EndGlobalSection
	GlobalSection(SolutionProperties) = preSolution
		HideSolutionNode = FALSE
	EndGlobalSection
	GlobalSection(NestedProjects) = preSolution
		{84816780-C4D6-421A-AB2D-0A15DB7EDB99} = {A331D457-BA58-4404-8EF7-83A3736BEA3C}
		{EF5842F1-701C-4253-8901-2FE3F66B2375} = {58BD258A-5E17-4866-87CA-7534BE9CB295}
		{DC16C8C9-0F4E-4C9E-807D-4EF74C38AD3E} = {58BD258A-5E17-4866-87CA-7534BE9CB295}
		{902612A1-A99E-4893-8747-6DEA9047345A} = {1CD11DAC-5026-4A39-948D-A610A651A2A5}
		{089CB46D-0652-491E-83F5-9261A995BA1F} = {DA4111B1-7BF9-46D8-A48E-FF6BA8F64A45}
		{D1500E99-D65D-4D66-9B25-9A14643C5663} = {DA4111B1-7BF9-46D8-A48E-FF6BA8F64A45}
		{34F19FA4-73A1-42BE-9C7A-55E011DEF0F6} = {DA4111B1-7BF9-46D8-A48E-FF6BA8F64A45}
		{B68F52CE-E2B2-4B60-A396-04F33EE1A150} = {1CD11DAC-5026-4A39-948D-A610A651A2A5}
	EndGlobalSection
	GlobalSection(ExtensibilityGlobals) = postSolution
		SolutionGuid = {35178D7E-9AEA-4845-936F-918862777950}
	EndGlobalSection
EndGlobal
